
Microsoft Visual Studio Solution File, Format Version 12.00
# Visual Studio Version 17
VisualStudioVersion = 17.5.33502.453
MinimumVisualStudioVersion = 10.0.40219.1
Project("{FAE04EC0-301F-11D3-BF4B-00C04F79EFBC}") = "School-Management-System", "School-Management-System.csproj", "{8DED0C25-62D2-45CB-8955-25D80646C508}"
EndProject
Global
	GlobalSection(SolutionConfigurationPlatforms) = preSolution
		Debug|Any CPU = Debug|Any CPU
		Release|Any CPU = Release|Any CPU
	EndGlobalSection
	GlobalSection(ProjectConfigurationPlatforms) = postSolution
		{8DED0C25-62D2-45CB-8955-25D80646C508}.Debug|Any CPU.ActiveCfg = Debug|Any CPU
		{8DED0C25-62D2-45CB-8955-25D80646C508}.Debug|Any CPU.Build.0 = Debug|Any CPU
		{8DED0C25-62D2-45CB-8955-25D80646C508}.Release|Any CPU.ActiveCfg = Release|Any CPU
		{8DED0C25-62D2-45CB-8955-25D80646C508}.Release|Any CPU.Build.0 = Release|Any CPU
	EndGlobalSection
	GlobalSection(SolutionProperties) = preSolution
		HideSolutionNode = FALSE
	EndGlobalSection
	GlobalSection(ExtensibilityGlobals) = postSolution
		SolutionGuid = {4040B47B-2510-420F-B496-63B8A39CD7AE}
	EndGlobalSection
EndGlobal
